# Append-only реестр всех id, когда-либо существовавших в колоде.
# Формат: <id> <first_seen> <active|retired>
# retired = карта удалена из YAML. Такой id переиспользовать НЕЛЬЗЯ:
# GUID заметки считается из id, и новая карта склеится с историей повторений старой.
# Файл обновляется build.py автоматически. Руками не редактировать.
k8s-probes-001 2026-09-03 active
k8s-probes-002 2026-09-03 active
k8s-probes-003 2026-09-03 active
k8s-probes-004 2026-09-03 active
k8s-probes-005 2026-09-03 active
k8s-probes-006 2026-09-03 active
