# Append-only реестр всех id, когда-либо существовавших в колоде.
# Формат: <id> <first_seen> <active|retired>
# retired = карта удалена из YAML. Такой id переиспользовать НЕЛЬЗЯ:
# GUID заметки считается из id, и новая карта склеится с историей повторений старой.
# Файл обновляется build.py автоматически. Руками не редактировать.
k8s-api-model-001 2026-09-04 active
k8s-api-model-002 2026-09-04 active
k8s-api-model-003 2026-09-04 active
k8s-api-model-004 2026-09-04 active
k8s-api-model-005 2026-09-04 active
k8s-api-model-006 2026-09-04 active
k8s-api-model-007 2026-09-04 active
k8s-api-model-008 2026-09-04 active
k8s-api-model-009 2026-09-04 active
k8s-api-model-010 2026-09-04 active
k8s-api-model-011 2026-09-04 active
k8s-api-model-012 2026-09-04 active
k8s-api-model-013 2026-09-04 active
k8s-api-model-014 2026-09-04 active
k8s-api-model-015 2026-09-04 active
k8s-architecture-001 2026-09-04 active
k8s-architecture-002 2026-09-04 active
k8s-architecture-003 2026-09-04 active
k8s-architecture-004 2026-09-04 active
k8s-architecture-005 2026-09-04 active
k8s-architecture-006 2026-09-04 active
k8s-architecture-007 2026-09-04 active
k8s-architecture-008 2026-09-04 active
k8s-architecture-009 2026-09-04 active
k8s-architecture-010 2026-09-04 active
k8s-architecture-011 2026-09-04 active
k8s-architecture-012 2026-09-04 active
k8s-architecture-013 2026-09-04 active
k8s-architecture-014 2026-09-04 active
k8s-architecture-015 2026-09-04 active
k8s-architecture-016 2026-09-04 active
k8s-architecture-017 2026-09-04 active
k8s-autoscaling-001 2026-09-04 active
k8s-autoscaling-002 2026-09-04 active
k8s-autoscaling-003 2026-09-04 active
k8s-autoscaling-004 2026-09-04 active
k8s-autoscaling-005 2026-09-04 active
k8s-autoscaling-006 2026-09-04 active
k8s-autoscaling-007 2026-09-04 active
k8s-autoscaling-008 2026-09-04 active
k8s-autoscaling-009 2026-09-04 active
k8s-autoscaling-010 2026-09-04 active
k8s-autoscaling-011 2026-09-04 active
k8s-autoscaling-012 2026-09-04 active
k8s-autoscaling-013 2026-09-04 active
k8s-autoscaling-014 2026-09-04 active
k8s-autoscaling-015 2026-09-04 active
k8s-autoscaling-016 2026-09-04 active
k8s-autoscaling-017 2026-09-04 active
k8s-autoscaling-018 2026-09-04 active
k8s-bootstrap-001 2026-09-04 active
k8s-bootstrap-002 2026-09-04 active
k8s-bootstrap-003 2026-09-04 active
k8s-bootstrap-004 2026-09-04 active
k8s-bootstrap-005 2026-09-04 active
k8s-bootstrap-006 2026-09-04 active
k8s-bootstrap-007 2026-09-04 active
k8s-bootstrap-008 2026-09-04 active
k8s-bootstrap-009 2026-09-04 active
k8s-bootstrap-010 2026-09-04 active
k8s-bootstrap-011 2026-09-04 active
k8s-bootstrap-012 2026-09-04 active
k8s-bootstrap-013 2026-09-04 active
k8s-bootstrap-014 2026-09-04 active
k8s-bootstrap-015 2026-09-04 active
k8s-bootstrap-016 2026-09-04 active
k8s-bootstrap-017 2026-09-04 active
k8s-cluster-dns-001 2026-09-04 active
k8s-cluster-dns-002 2026-09-04 active
k8s-cluster-dns-003 2026-09-04 active
k8s-cluster-dns-004 2026-09-04 active
k8s-cluster-dns-005 2026-09-04 active
k8s-cluster-dns-006 2026-09-04 active
k8s-cluster-dns-007 2026-09-04 active
k8s-cluster-dns-008 2026-09-04 active
k8s-cluster-dns-009 2026-09-04 active
k8s-cluster-dns-010 2026-09-04 active
k8s-cluster-dns-011 2026-09-04 active
k8s-cluster-networking-001 2026-09-04 active
k8s-cluster-networking-002 2026-09-04 active
k8s-cluster-networking-003 2026-09-04 active
k8s-cluster-networking-004 2026-09-04 active
k8s-cluster-networking-005 2026-09-04 active
k8s-cluster-networking-006 2026-09-04 active
k8s-cluster-networking-007 2026-09-04 active
k8s-cluster-networking-008 2026-09-04 active
k8s-cluster-networking-009 2026-09-04 active
k8s-cluster-networking-010 2026-09-04 active
k8s-cluster-networking-011 2026-09-04 active
k8s-cluster-networking-012 2026-09-04 active
k8s-cluster-networking-013 2026-09-04 active
k8s-cluster-networking-014 2026-09-04 active
k8s-config-secrets-001 2026-09-04 active
k8s-config-secrets-002 2026-09-04 active
k8s-config-secrets-003 2026-09-04 active
k8s-config-secrets-004 2026-09-04 active
k8s-config-secrets-005 2026-09-04 active
k8s-config-secrets-006 2026-09-04 active
k8s-config-secrets-007 2026-09-04 active
k8s-config-secrets-008 2026-09-04 active
k8s-config-secrets-009 2026-09-04 active
k8s-config-secrets-010 2026-09-04 active
k8s-config-secrets-011 2026-09-04 active
k8s-config-secrets-012 2026-09-04 active
k8s-config-secrets-013 2026-09-04 active
k8s-config-secrets-014 2026-09-04 active
k8s-config-secrets-015 2026-09-04 active
k8s-config-secrets-016 2026-09-04 active
k8s-config-secrets-017 2026-09-04 active
k8s-config-secrets-018 2026-09-04 active
k8s-config-secrets-019 2026-09-04 active
k8s-crd-operators-001 2026-09-04 active
k8s-crd-operators-002 2026-09-04 active
k8s-crd-operators-003 2026-09-04 active
k8s-crd-operators-004 2026-09-04 active
k8s-crd-operators-005 2026-09-04 active
k8s-crd-operators-006 2026-09-04 active
k8s-crd-operators-007 2026-09-04 active
k8s-crd-operators-008 2026-09-04 active
k8s-crd-operators-009 2026-09-04 active
k8s-crd-operators-010 2026-09-04 active
k8s-crd-operators-011 2026-09-04 active
k8s-crd-operators-012 2026-09-04 active
k8s-crd-operators-013 2026-09-04 active
k8s-crd-operators-014 2026-09-04 active
k8s-crd-operators-015 2026-09-04 active
k8s-crd-operators-016 2026-09-04 active
k8s-ebpf-cilium-001 2026-09-04 active
k8s-ebpf-cilium-002 2026-09-04 active
k8s-ebpf-cilium-003 2026-09-04 active
k8s-ebpf-cilium-004 2026-09-04 active
k8s-ebpf-cilium-005 2026-09-04 active
k8s-ebpf-cilium-006 2026-09-04 active
k8s-ebpf-cilium-007 2026-09-04 active
k8s-ebpf-cilium-008 2026-09-04 active
k8s-ebpf-cilium-009 2026-09-04 active
k8s-ebpf-cilium-010 2026-09-04 active
k8s-ingress-001 2026-09-04 active
k8s-ingress-002 2026-09-04 active
k8s-ingress-003 2026-09-04 active
k8s-ingress-004 2026-09-04 active
k8s-ingress-005 2026-09-04 active
k8s-ingress-006 2026-09-04 active
k8s-ingress-007 2026-09-04 active
k8s-ingress-008 2026-09-04 active
k8s-ingress-009 2026-09-04 active
k8s-ingress-010 2026-09-04 active
k8s-ingress-011 2026-09-04 active
k8s-ingress-012 2026-09-04 active
k8s-ingress-013 2026-09-04 active
k8s-ingress-014 2026-09-04 active
k8s-kubelet-runtime-001 2026-09-04 active
k8s-kubelet-runtime-002 2026-09-04 active
k8s-kubelet-runtime-003 2026-09-04 active
k8s-kubelet-runtime-004 2026-09-04 active
k8s-kubelet-runtime-005 2026-09-04 active
k8s-kubelet-runtime-006 2026-09-04 active
k8s-kubelet-runtime-007 2026-09-04 active
k8s-kubelet-runtime-008 2026-09-04 active
k8s-kubelet-runtime-009 2026-09-04 active
k8s-kubelet-runtime-010 2026-09-04 active
k8s-kubelet-runtime-011 2026-09-04 active
k8s-kubelet-runtime-012 2026-09-04 active
k8s-kubelet-runtime-013 2026-09-04 active
k8s-kubelet-runtime-014 2026-09-04 active
k8s-kubelet-runtime-015 2026-09-04 active
k8s-labels-selectors-001 2026-09-04 active
k8s-labels-selectors-002 2026-09-04 active
k8s-labels-selectors-003 2026-09-04 active
k8s-labels-selectors-004 2026-09-04 active
k8s-labels-selectors-005 2026-09-04 active
k8s-labels-selectors-006 2026-09-04 active
k8s-labels-selectors-007 2026-09-04 active
k8s-labels-selectors-008 2026-09-04 active
k8s-labels-selectors-009 2026-09-04 active
k8s-labels-selectors-010 2026-09-04 active
k8s-namespaces-quotas-001 2026-09-04 active
k8s-namespaces-quotas-002 2026-09-04 active
k8s-namespaces-quotas-003 2026-09-04 active
k8s-namespaces-quotas-004 2026-09-04 active
k8s-namespaces-quotas-005 2026-09-04 active
k8s-namespaces-quotas-006 2026-09-04 active
k8s-namespaces-quotas-007 2026-09-04 active
k8s-namespaces-quotas-008 2026-09-04 active
k8s-namespaces-quotas-009 2026-09-04 active
k8s-namespaces-quotas-010 2026-09-04 active
k8s-namespaces-quotas-011 2026-09-04 active
k8s-namespaces-quotas-012 2026-09-04 active
k8s-namespaces-quotas-013 2026-09-04 active
k8s-namespaces-quotas-014 2026-09-04 active
k8s-namespaces-quotas-015 2026-09-04 active
k8s-namespaces-quotas-016 2026-09-04 active
k8s-observability-001 2026-09-04 active
k8s-observability-002 2026-09-04 active
k8s-observability-003 2026-09-04 active
k8s-observability-004 2026-09-04 active
k8s-observability-005 2026-09-04 active
k8s-observability-006 2026-09-04 active
k8s-observability-007 2026-09-04 active
k8s-observability-008 2026-09-04 active
k8s-observability-009 2026-09-04 active
k8s-observability-010 2026-09-04 active
k8s-observability-011 2026-09-04 active
k8s-observability-012 2026-09-04 active
k8s-observability-013 2026-09-04 active
k8s-observability-014 2026-09-04 active
k8s-observability-015 2026-09-04 active
k8s-observability-016 2026-09-04 active
k8s-observability-017 2026-09-04 active
k8s-observability-018 2026-09-04 active
k8s-observability-019 2026-09-04 active
k8s-observability-020 2026-09-04 active
k8s-observability-021 2026-09-04 active
k8s-packaging-gitops-001 2026-09-04 active
k8s-packaging-gitops-002 2026-09-04 active
k8s-packaging-gitops-003 2026-09-04 active
k8s-packaging-gitops-004 2026-09-04 active
k8s-packaging-gitops-005 2026-09-04 active
k8s-packaging-gitops-006 2026-09-04 active
k8s-packaging-gitops-007 2026-09-04 active
k8s-packaging-gitops-008 2026-09-04 active
k8s-packaging-gitops-009 2026-09-04 active
k8s-packaging-gitops-010 2026-09-04 active
k8s-packaging-gitops-011 2026-09-04 active
k8s-packaging-gitops-012 2026-09-04 active
k8s-packaging-gitops-013 2026-09-04 active
k8s-packaging-gitops-014 2026-09-04 active
k8s-packaging-gitops-015 2026-09-04 active
k8s-packaging-gitops-016 2026-09-04 active
k8s-packaging-gitops-017 2026-09-04 active
k8s-packaging-gitops-018 2026-09-04 active
k8s-placement-001 2026-09-04 active
k8s-placement-002 2026-09-04 active
k8s-placement-003 2026-09-04 active
k8s-placement-004 2026-09-04 active
k8s-placement-005 2026-09-04 active
k8s-placement-006 2026-09-04 active
k8s-placement-007 2026-09-04 active
k8s-placement-008 2026-09-04 active
k8s-placement-009 2026-09-04 active
k8s-placement-010 2026-09-04 active
k8s-placement-011 2026-09-04 active
k8s-placement-012 2026-09-04 active
k8s-placement-013 2026-09-04 active
k8s-placement-014 2026-09-04 active
k8s-placement-015 2026-09-04 active
k8s-pod-security-001 2026-09-04 active
k8s-pod-security-002 2026-09-04 active
k8s-pod-security-003 2026-09-04 active
k8s-pod-security-004 2026-09-04 active
k8s-pod-security-005 2026-09-04 active
k8s-pod-security-006 2026-09-04 active
k8s-pod-security-007 2026-09-04 active
k8s-pod-security-008 2026-09-04 active
k8s-pod-security-009 2026-09-04 active
k8s-pod-security-010 2026-09-04 active
k8s-pod-security-011 2026-09-04 active
k8s-pod-security-012 2026-09-04 active
k8s-pod-security-013 2026-09-04 active
k8s-pod-security-014 2026-09-04 active
k8s-pod-security-015 2026-09-04 active
k8s-pod-security-016 2026-09-04 active
k8s-pod-security-017 2026-09-04 active
k8s-pod-security-018 2026-09-04 active
k8s-pod-security-019 2026-09-04 active
k8s-pod-security-020 2026-09-04 active
k8s-pod-security-021 2026-09-04 active
k8s-pod-security-022 2026-09-04 active
k8s-pods-001 2026-09-04 active
k8s-pods-002 2026-09-04 active
k8s-pods-003 2026-09-04 active
k8s-pods-004 2026-09-04 active
k8s-pods-005 2026-09-04 active
k8s-pods-006 2026-09-04 active
k8s-pods-007 2026-09-04 active
k8s-pods-008 2026-09-04 active
k8s-pods-009 2026-09-04 active
k8s-pods-010 2026-09-04 active
k8s-pods-011 2026-09-04 active
k8s-pods-012 2026-09-04 active
k8s-pods-013 2026-09-04 active
k8s-pods-014 2026-09-04 active
k8s-pods-015 2026-09-04 active
k8s-pods-016 2026-09-04 active
k8s-pods-017 2026-09-04 active
k8s-probes-001 2026-09-03 active
k8s-probes-002 2026-09-03 active
k8s-probes-003 2026-09-03 active
k8s-probes-004 2026-09-03 active
k8s-probes-005 2026-09-03 active
k8s-probes-006 2026-09-03 active
k8s-probes-007 2026-09-04 active
k8s-probes-008 2026-09-04 active
k8s-probes-009 2026-09-04 active
k8s-probes-010 2026-09-04 active
k8s-probes-011 2026-09-04 active
k8s-probes-012 2026-09-04 active
k8s-probes-013 2026-09-04 active
k8s-probes-014 2026-09-04 active
k8s-probes-015 2026-09-04 active
k8s-probes-016 2026-09-04 active
k8s-probes-017 2026-09-04 active
k8s-probes-018 2026-09-04 active
k8s-rbac-001 2026-09-04 active
k8s-rbac-002 2026-09-04 active
k8s-rbac-003 2026-09-04 active
k8s-rbac-004 2026-09-04 active
k8s-rbac-005 2026-09-04 active
k8s-rbac-006 2026-09-04 active
k8s-rbac-007 2026-09-04 active
k8s-rbac-008 2026-09-04 active
k8s-rbac-009 2026-09-04 active
k8s-rbac-010 2026-09-04 active
k8s-rbac-011 2026-09-04 active
k8s-rbac-012 2026-09-04 active
k8s-rbac-013 2026-09-04 active
k8s-rbac-014 2026-09-04 active
k8s-rbac-015 2026-09-04 active
k8s-scheduling-001 2026-09-04 active
k8s-scheduling-002 2026-09-04 active
k8s-scheduling-003 2026-09-04 active
k8s-scheduling-004 2026-09-04 active
k8s-scheduling-005 2026-09-04 active
k8s-scheduling-006 2026-09-04 active
k8s-scheduling-007 2026-09-04 active
k8s-scheduling-008 2026-09-04 active
k8s-scheduling-009 2026-09-04 active
k8s-scheduling-010 2026-09-04 active
k8s-scheduling-011 2026-09-04 active
k8s-scheduling-012 2026-09-04 active
k8s-scheduling-013 2026-09-04 active
k8s-scheduling-014 2026-09-04 active
k8s-scheduling-015 2026-09-04 active
k8s-service-mesh-001 2026-09-04 active
k8s-service-mesh-002 2026-09-04 active
k8s-service-mesh-003 2026-09-04 active
k8s-service-mesh-004 2026-09-04 active
k8s-service-mesh-005 2026-09-04 active
k8s-service-mesh-006 2026-09-04 active
k8s-service-mesh-007 2026-09-04 active
k8s-service-mesh-008 2026-09-04 active
k8s-service-mesh-009 2026-09-04 active
k8s-service-mesh-010 2026-09-04 active
k8s-service-mesh-011 2026-09-04 active
k8s-service-mesh-012 2026-09-04 active
k8s-services-001 2026-09-04 active
k8s-services-002 2026-09-04 active
k8s-services-003 2026-09-04 active
k8s-services-004 2026-09-04 active
k8s-services-005 2026-09-04 active
k8s-services-006 2026-09-04 active
k8s-services-007 2026-09-04 active
k8s-services-008 2026-09-04 active
k8s-services-009 2026-09-04 active
k8s-services-010 2026-09-04 active
k8s-services-011 2026-09-04 active
k8s-services-012 2026-09-04 active
k8s-services-013 2026-09-04 active
k8s-services-014 2026-09-04 active
k8s-services-015 2026-09-04 active
k8s-services-016 2026-09-04 active
k8s-services-017 2026-09-04 active
k8s-services-018 2026-09-04 active
k8s-storage-001 2026-09-04 active
k8s-storage-002 2026-09-04 active
k8s-storage-003 2026-09-04 active
k8s-storage-004 2026-09-04 active
k8s-storage-005 2026-09-04 active
k8s-storage-006 2026-09-04 active
k8s-storage-007 2026-09-04 active
k8s-storage-008 2026-09-04 active
k8s-storage-009 2026-09-04 active
k8s-storage-010 2026-09-04 active
k8s-storage-011 2026-09-04 active
k8s-storage-012 2026-09-04 active
k8s-storage-013 2026-09-04 active
k8s-storage-014 2026-09-04 active
k8s-storage-015 2026-09-04 active
k8s-storage-016 2026-09-04 active
k8s-storage-017 2026-09-04 active
k8s-troubleshooting-001 2026-09-04 active
k8s-troubleshooting-002 2026-09-04 active
k8s-troubleshooting-003 2026-09-04 active
k8s-troubleshooting-004 2026-09-04 active
k8s-troubleshooting-005 2026-09-04 active
k8s-troubleshooting-006 2026-09-04 active
k8s-troubleshooting-007 2026-09-04 active
k8s-troubleshooting-008 2026-09-04 active
k8s-troubleshooting-009 2026-09-04 active
k8s-troubleshooting-010 2026-09-04 active
k8s-troubleshooting-011 2026-09-04 active
k8s-troubleshooting-012 2026-09-04 active
k8s-troubleshooting-013 2026-09-04 active
k8s-troubleshooting-014 2026-09-04 active
k8s-troubleshooting-015 2026-09-04 active
k8s-troubleshooting-016 2026-09-04 active
k8s-troubleshooting-017 2026-09-04 active
k8s-troubleshooting-018 2026-09-04 active
k8s-troubleshooting-019 2026-09-04 active
k8s-troubleshooting-020 2026-09-04 active
k8s-troubleshooting-021 2026-09-04 active
k8s-troubleshooting-022 2026-09-04 active
k8s-troubleshooting-023 2026-09-04 active
k8s-troubleshooting-024 2026-09-04 active
k8s-troubleshooting-025 2026-09-04 active
k8s-workload-controllers-001 2026-09-04 active
k8s-workload-controllers-002 2026-09-04 active
k8s-workload-controllers-003 2026-09-04 active
k8s-workload-controllers-004 2026-09-04 active
k8s-workload-controllers-005 2026-09-04 active
k8s-workload-controllers-006 2026-09-04 active
k8s-workload-controllers-007 2026-09-04 active
k8s-workload-controllers-008 2026-09-04 active
k8s-workload-controllers-009 2026-09-04 active
k8s-workload-controllers-010 2026-09-04 active
k8s-workload-controllers-011 2026-09-04 active
k8s-workload-controllers-012 2026-09-04 active
k8s-workload-controllers-013 2026-09-04 active
k8s-workload-controllers-014 2026-09-04 active
k8s-workload-controllers-015 2026-09-04 active
k8s-workload-controllers-016 2026-09-04 active
k8s-workload-controllers-017 2026-09-04 active
k8s-workload-controllers-018 2026-09-04 active
k8s-workload-controllers-019 2026-09-04 active
k8s-workload-controllers-020 2026-09-04 active
k8s-workload-controllers-021 2026-09-04 active
k8s-workload-controllers-022 2026-09-04 active
networks-bgp-ospf-001 2026-09-04 active
networks-bgp-ospf-002 2026-09-04 active
networks-bgp-ospf-003 2026-09-04 active
networks-bgp-ospf-004 2026-09-04 active
networks-bgp-ospf-005 2026-09-04 active
networks-bgp-ospf-006 2026-09-04 active
networks-bgp-ospf-007 2026-09-04 active
networks-bgp-ospf-008 2026-09-04 active
networks-container-networking-001 2026-09-05 active
networks-container-networking-002 2026-09-05 active
networks-container-networking-003 2026-09-05 active
networks-container-networking-004 2026-09-05 active
networks-container-networking-005 2026-09-05 active
networks-container-networking-006 2026-09-05 active
networks-container-networking-007 2026-09-05 active
networks-container-networking-008 2026-09-05 active
networks-dhcp-001 2026-09-04 active
networks-dhcp-002 2026-09-04 active
networks-dhcp-003 2026-09-04 active
networks-dhcp-004 2026-09-04 active
networks-dhcp-005 2026-09-04 active
networks-dhcp-006 2026-09-04 active
networks-dhcp-007 2026-09-04 active
networks-dhcp-008 2026-09-04 active
networks-dns-001 2026-09-04 active
networks-dns-002 2026-09-04 active
networks-dns-003 2026-09-04 active
networks-dns-004 2026-09-04 active
networks-dns-005 2026-09-04 active
networks-dns-006 2026-09-04 active
networks-dns-007 2026-09-04 active
networks-dns-008 2026-09-04 active
networks-dns-009 2026-09-04 active
networks-dns-010 2026-09-04 active
networks-ethernet-arp-001 2026-09-04 active
networks-ethernet-arp-002 2026-09-04 active
networks-ethernet-arp-003 2026-09-04 active
networks-ethernet-arp-004 2026-09-04 active
networks-ethernet-arp-005 2026-09-04 active
networks-ethernet-arp-006 2026-09-04 active
networks-ethernet-arp-007 2026-09-04 active
networks-ethernet-arp-008 2026-09-04 active
networks-ethernet-arp-009 2026-09-04 active
networks-ethernet-arp-010 2026-09-04 active
networks-ethernet-arp-011 2026-09-04 active
networks-ethernet-arp-012 2026-09-04 active
networks-http-001 2026-09-04 active
networks-http-002 2026-09-04 active
networks-http-003 2026-09-04 active
networks-http-004 2026-09-04 active
networks-http-005 2026-09-04 active
networks-http-006 2026-09-04 active
networks-http-007 2026-09-04 active
networks-http-008 2026-09-04 active
networks-http-009 2026-09-04 active
networks-http-010 2026-09-04 active
networks-http-011 2026-09-04 active
networks-http-012 2026-09-04 active
networks-http-013 2026-09-04 active
networks-ipv4-addressing-001 2026-09-04 active
networks-ipv4-addressing-002 2026-09-04 active
networks-ipv4-addressing-003 2026-09-04 active
networks-ipv4-addressing-004 2026-09-04 active
networks-ipv4-addressing-005 2026-09-04 active
networks-ipv4-addressing-006 2026-09-04 active
networks-ipv4-addressing-007 2026-09-04 active
networks-ipv4-addressing-008 2026-09-04 active
networks-ipv4-addressing-009 2026-09-04 active
networks-ipv4-addressing-010 2026-09-04 active
networks-ipv4-addressing-011 2026-09-04 active
networks-ipv6-001 2026-09-04 active
networks-ipv6-002 2026-09-04 active
networks-ipv6-003 2026-09-04 active
networks-ipv6-004 2026-09-04 active
networks-ipv6-005 2026-09-04 active
networks-ipv6-006 2026-09-04 active
networks-ipv6-007 2026-09-04 active
networks-ipv6-008 2026-09-04 active
networks-linux-netns-001 2026-09-05 active
networks-linux-netns-002 2026-09-05 active
networks-linux-netns-003 2026-09-05 active
networks-linux-netns-004 2026-09-05 active
networks-linux-netns-005 2026-09-05 active
networks-linux-netns-006 2026-09-05 active
networks-linux-netns-007 2026-09-05 active
networks-linux-netns-008 2026-09-05 active
networks-load-balancing-001 2026-09-05 active
networks-load-balancing-002 2026-09-05 active
networks-load-balancing-003 2026-09-05 active
networks-load-balancing-004 2026-09-05 active
networks-load-balancing-005 2026-09-05 active
networks-load-balancing-006 2026-09-05 active
networks-load-balancing-007 2026-09-05 active
networks-load-balancing-008 2026-09-05 active
networks-load-balancing-009 2026-09-05 active
networks-load-balancing-010 2026-09-05 active
networks-load-balancing-011 2026-09-05 active
networks-nat-001 2026-09-04 active
networks-nat-002 2026-09-04 active
networks-nat-003 2026-09-04 active
networks-nat-004 2026-09-04 active
networks-nat-005 2026-09-04 active
networks-nat-006 2026-09-04 active
networks-nat-007 2026-09-04 active
networks-nat-008 2026-09-04 active
networks-nat-009 2026-09-04 active
networks-nat-010 2026-09-04 active
networks-osi-model-001 2026-09-04 active
networks-osi-model-002 2026-09-04 active
networks-osi-model-003 2026-09-04 active
networks-osi-model-004 2026-09-04 active
networks-osi-model-005 2026-09-04 active
networks-osi-model-006 2026-09-04 active
networks-osi-model-007 2026-09-04 active
networks-osi-model-008 2026-09-04 active
networks-osi-model-009 2026-09-04 active
networks-osi-model-010 2026-09-04 active
networks-proxy-cdn-001 2026-09-05 active
networks-proxy-cdn-002 2026-09-05 active
networks-proxy-cdn-003 2026-09-05 active
networks-proxy-cdn-004 2026-09-05 active
networks-proxy-cdn-005 2026-09-05 active
networks-proxy-cdn-006 2026-09-05 active
networks-proxy-cdn-007 2026-09-05 active
networks-routing-001 2026-09-04 active
networks-routing-002 2026-09-04 active
networks-routing-003 2026-09-04 active
networks-routing-004 2026-09-04 active
networks-routing-005 2026-09-04 active
networks-routing-006 2026-09-04 active
networks-routing-007 2026-09-04 active
networks-routing-008 2026-09-04 active
networks-routing-009 2026-09-04 active
networks-routing-010 2026-09-04 active
networks-routing-011 2026-09-04 active
networks-tcp-udp-001 2026-09-04 active
networks-tcp-udp-002 2026-09-04 active
networks-tcp-udp-003 2026-09-04 active
networks-tcp-udp-004 2026-09-04 active
networks-tcp-udp-005 2026-09-04 active
networks-tcp-udp-006 2026-09-04 active
networks-tcp-udp-007 2026-09-04 active
networks-tcp-udp-008 2026-09-04 active
networks-tcp-udp-009 2026-09-04 active
networks-tcp-udp-010 2026-09-04 active
networks-tcp-udp-011 2026-09-04 active
networks-tcp-udp-012 2026-09-04 active
networks-tls-001 2026-09-04 active
networks-tls-002 2026-09-04 active
networks-tls-003 2026-09-04 active
networks-tls-004 2026-09-04 active
networks-tls-005 2026-09-04 active
networks-tls-006 2026-09-04 active
networks-tls-007 2026-09-04 active
networks-tls-008 2026-09-04 active
networks-tls-009 2026-09-04 active
networks-tls-010 2026-09-04 active
networks-tls-011 2026-09-04 active
