# Append-only реестр всех id, когда-либо существовавших в колоде.
# Формат: <id> <first_seen> <active|retired>
# retired = карта удалена из YAML. Такой id переиспользовать НЕЛЬЗЯ:
# GUID заметки считается из id, и новая карта склеится с историей повторений старой.
# Файл обновляется build.py автоматически. Руками не редактировать.
k8s-api-model-001 2026-09-04 active
k8s-api-model-002 2026-09-04 active
k8s-api-model-003 2026-09-04 active
k8s-api-model-004 2026-09-04 active
k8s-api-model-005 2026-09-04 active
k8s-api-model-006 2026-09-04 active
k8s-api-model-007 2026-09-04 active
k8s-api-model-008 2026-09-04 active
k8s-api-model-009 2026-09-04 active
k8s-api-model-010 2026-09-04 active
k8s-api-model-011 2026-09-04 active
k8s-api-model-012 2026-09-04 active
k8s-api-model-013 2026-09-04 active
k8s-api-model-014 2026-09-04 active
k8s-architecture-001 2026-09-04 active
k8s-architecture-002 2026-09-04 active
k8s-architecture-003 2026-09-04 active
k8s-architecture-004 2026-09-04 active
k8s-architecture-005 2026-09-04 active
k8s-architecture-006 2026-09-04 active
k8s-architecture-007 2026-09-04 active
k8s-architecture-008 2026-09-04 active
k8s-architecture-009 2026-09-04 active
k8s-architecture-010 2026-09-04 active
k8s-architecture-011 2026-09-04 active
k8s-architecture-012 2026-09-04 active
k8s-architecture-013 2026-09-04 active
k8s-architecture-014 2026-09-04 active
k8s-architecture-015 2026-09-04 active
k8s-architecture-016 2026-09-04 active
k8s-cluster-dns-001 2026-09-04 active
k8s-cluster-dns-002 2026-09-04 active
k8s-cluster-dns-003 2026-09-04 active
k8s-cluster-dns-004 2026-09-04 active
k8s-cluster-dns-005 2026-09-04 active
k8s-cluster-dns-006 2026-09-04 active
k8s-cluster-dns-007 2026-09-04 active
k8s-cluster-dns-008 2026-09-04 active
k8s-cluster-dns-009 2026-09-04 active
k8s-cluster-dns-010 2026-09-04 active
k8s-cluster-networking-001 2026-09-04 active
k8s-cluster-networking-002 2026-09-04 active
k8s-cluster-networking-003 2026-09-04 active
k8s-cluster-networking-004 2026-09-04 active
k8s-cluster-networking-005 2026-09-04 active
k8s-cluster-networking-006 2026-09-04 active
k8s-cluster-networking-007 2026-09-04 active
k8s-cluster-networking-008 2026-09-04 active
k8s-cluster-networking-009 2026-09-04 active
k8s-cluster-networking-010 2026-09-04 active
k8s-cluster-networking-011 2026-09-04 active
k8s-cluster-networking-012 2026-09-04 active
k8s-cluster-networking-013 2026-09-04 active
k8s-cluster-networking-014 2026-09-04 active
k8s-config-secrets-001 2026-09-04 active
k8s-config-secrets-002 2026-09-04 active
k8s-config-secrets-003 2026-09-04 active
k8s-config-secrets-004 2026-09-04 active
k8s-config-secrets-005 2026-09-04 active
k8s-config-secrets-006 2026-09-04 active
k8s-config-secrets-007 2026-09-04 active
k8s-config-secrets-008 2026-09-04 active
k8s-config-secrets-009 2026-09-04 active
k8s-config-secrets-010 2026-09-04 active
k8s-config-secrets-011 2026-09-04 active
k8s-config-secrets-012 2026-09-04 active
k8s-config-secrets-013 2026-09-04 active
k8s-config-secrets-014 2026-09-04 active
k8s-config-secrets-015 2026-09-04 active
k8s-config-secrets-016 2026-09-04 active
k8s-config-secrets-017 2026-09-04 active
k8s-config-secrets-018 2026-09-04 active
k8s-ingress-001 2026-09-04 active
k8s-ingress-002 2026-09-04 active
k8s-ingress-003 2026-09-04 active
k8s-ingress-004 2026-09-04 active
k8s-ingress-005 2026-09-04 active
k8s-ingress-006 2026-09-04 active
k8s-ingress-007 2026-09-04 active
k8s-ingress-008 2026-09-04 active
k8s-ingress-009 2026-09-04 active
k8s-ingress-010 2026-09-04 active
k8s-ingress-011 2026-09-04 active
k8s-ingress-012 2026-09-04 active
k8s-ingress-013 2026-09-04 active
k8s-ingress-014 2026-09-04 active
k8s-labels-selectors-001 2026-09-04 active
k8s-labels-selectors-002 2026-09-04 active
k8s-labels-selectors-003 2026-09-04 active
k8s-labels-selectors-004 2026-09-04 active
k8s-labels-selectors-005 2026-09-04 active
k8s-labels-selectors-006 2026-09-04 active
k8s-labels-selectors-007 2026-09-04 active
k8s-labels-selectors-008 2026-09-04 active
k8s-placement-001 2026-09-04 active
k8s-placement-002 2026-09-04 active
k8s-placement-003 2026-09-04 active
k8s-placement-004 2026-09-04 active
k8s-placement-005 2026-09-04 active
k8s-placement-006 2026-09-04 active
k8s-placement-007 2026-09-04 active
k8s-placement-008 2026-09-04 active
k8s-placement-009 2026-09-04 active
k8s-placement-010 2026-09-04 active
k8s-placement-011 2026-09-04 active
k8s-placement-012 2026-09-04 active
k8s-placement-013 2026-09-04 active
k8s-placement-014 2026-09-04 active
k8s-pods-001 2026-09-04 active
k8s-pods-002 2026-09-04 active
k8s-pods-003 2026-09-04 active
k8s-pods-004 2026-09-04 active
k8s-pods-005 2026-09-04 active
k8s-pods-006 2026-09-04 active
k8s-pods-007 2026-09-04 active
k8s-pods-008 2026-09-04 active
k8s-pods-009 2026-09-04 active
k8s-pods-010 2026-09-04 active
k8s-pods-011 2026-09-04 active
k8s-pods-012 2026-09-04 active
k8s-pods-013 2026-09-04 active
k8s-pods-014 2026-09-04 active
k8s-pods-015 2026-09-04 active
k8s-pods-016 2026-09-04 active
k8s-probes-001 2026-09-03 active
k8s-probes-002 2026-09-03 active
k8s-probes-003 2026-09-03 active
k8s-probes-004 2026-09-03 active
k8s-probes-005 2026-09-03 active
k8s-probes-006 2026-09-03 active
k8s-probes-007 2026-09-04 active
k8s-probes-008 2026-09-04 active
k8s-probes-009 2026-09-04 active
k8s-probes-010 2026-09-04 active
k8s-probes-011 2026-09-04 active
k8s-probes-012 2026-09-04 active
k8s-probes-013 2026-09-04 active
k8s-probes-014 2026-09-04 active
k8s-probes-015 2026-09-04 active
k8s-probes-016 2026-09-04 active
k8s-probes-017 2026-09-04 active
k8s-probes-018 2026-09-04 active
k8s-rbac-001 2026-09-04 active
k8s-rbac-002 2026-09-04 active
k8s-rbac-003 2026-09-04 active
k8s-rbac-004 2026-09-04 active
k8s-rbac-005 2026-09-04 active
k8s-rbac-006 2026-09-04 active
k8s-rbac-007 2026-09-04 active
k8s-rbac-008 2026-09-04 active
k8s-rbac-009 2026-09-04 active
k8s-rbac-010 2026-09-04 active
k8s-rbac-011 2026-09-04 active
k8s-rbac-012 2026-09-04 active
k8s-rbac-013 2026-09-04 active
k8s-rbac-014 2026-09-04 active
k8s-scheduling-001 2026-09-04 active
k8s-scheduling-002 2026-09-04 active
k8s-scheduling-003 2026-09-04 active
k8s-scheduling-004 2026-09-04 active
k8s-scheduling-005 2026-09-04 active
k8s-scheduling-006 2026-09-04 active
k8s-scheduling-007 2026-09-04 active
k8s-scheduling-008 2026-09-04 active
k8s-scheduling-009 2026-09-04 active
k8s-scheduling-010 2026-09-04 active
k8s-scheduling-011 2026-09-04 active
k8s-scheduling-012 2026-09-04 active
k8s-scheduling-013 2026-09-04 active
k8s-scheduling-014 2026-09-04 active
k8s-services-001 2026-09-04 active
k8s-services-002 2026-09-04 active
k8s-services-003 2026-09-04 active
k8s-services-004 2026-09-04 active
k8s-services-005 2026-09-04 active
k8s-services-006 2026-09-04 active
k8s-services-007 2026-09-04 active
k8s-services-008 2026-09-04 active
k8s-services-009 2026-09-04 active
k8s-services-010 2026-09-04 active
k8s-services-011 2026-09-04 active
k8s-services-012 2026-09-04 active
k8s-services-013 2026-09-04 active
k8s-services-014 2026-09-04 active
k8s-services-015 2026-09-04 active
k8s-services-016 2026-09-04 active
k8s-services-017 2026-09-04 active
k8s-storage-001 2026-09-04 active
k8s-storage-002 2026-09-04 active
k8s-storage-003 2026-09-04 active
k8s-storage-004 2026-09-04 active
k8s-storage-005 2026-09-04 active
k8s-storage-006 2026-09-04 active
k8s-storage-007 2026-09-04 active
k8s-storage-008 2026-09-04 active
k8s-storage-009 2026-09-04 active
k8s-storage-010 2026-09-04 active
k8s-storage-011 2026-09-04 active
k8s-storage-012 2026-09-04 active
k8s-storage-013 2026-09-04 active
k8s-storage-014 2026-09-04 active
k8s-storage-015 2026-09-04 active
k8s-storage-016 2026-09-04 active
k8s-workload-controllers-001 2026-09-04 active
k8s-workload-controllers-002 2026-09-04 active
k8s-workload-controllers-003 2026-09-04 active
k8s-workload-controllers-004 2026-09-04 active
k8s-workload-controllers-005 2026-09-04 active
k8s-workload-controllers-006 2026-09-04 active
k8s-workload-controllers-007 2026-09-04 active
k8s-workload-controllers-008 2026-09-04 active
k8s-workload-controllers-009 2026-09-04 active
k8s-workload-controllers-010 2026-09-04 active
k8s-workload-controllers-011 2026-09-04 active
k8s-workload-controllers-012 2026-09-04 active
k8s-workload-controllers-013 2026-09-04 active
k8s-workload-controllers-014 2026-09-04 active
k8s-workload-controllers-015 2026-09-04 active
k8s-workload-controllers-016 2026-09-04 active
k8s-workload-controllers-017 2026-09-04 active
k8s-workload-controllers-018 2026-09-04 active
k8s-workload-controllers-019 2026-09-04 active
